
Microsoft Visual Studio Solution File, Format Version 12.00
# Visual Studio Version 16
VisualStudioVersion = 16.0.35731.53
MinimumVisualStudioVersion = 10.0.40219.1
Project("{888888A0-9F3D-457C-B088-3A5042F75D52}") = "LR1_2", "LR1_2\LR1_2.pyproj", "{32BB414E-076C-4619-B644-B5F42DF7C4B3}"
EndProject
Global
	GlobalSection(SolutionConfigurationPlatforms) = preSolution
		Debug|Any CPU = Debug|Any CPU
		Release|Any CPU = Release|Any CPU
	EndGlobalSection
	GlobalSection(ProjectConfigurationPlatforms) = postSolution
		{32BB414E-076C-4619-B644-B5F42DF7C4B3}.Debug|Any CPU.ActiveCfg = Debug|Any CPU
		{32BB414E-076C-4619-B644-B5F42DF7C4B3}.Release|Any CPU.ActiveCfg = Release|Any CPU
	EndGlobalSection
	GlobalSection(SolutionProperties) = preSolution
		HideSolutionNode = FALSE
	EndGlobalSection
	GlobalSection(ExtensibilityGlobals) = postSolution
		SolutionGuid = {60378CBD-E516-499F-B320-B9B038963C6B}
	EndGlobalSection
EndGlobal
